schema: '2.0'
stages:
  train:
    cmd: python src/traffic_light_detection/traffic_light_training.py
    deps:
    - path: dataset
      md5: 3a559397ebc58c1ecf142dea18d03367.dir
      size: 13745063
      nfiles: 2723
    - path: src
      md5: 9cad6e1ace55d715b1252e86c646196b.dir
      size: 24510
      nfiles: 10
    params:
      params.yaml: {}
    outs:
    - path: dvclive/metrics.json
      md5: b9293d295c2e83352e717d36d5e18ab6
      size: 219
    - path: dvclive/plots
      md5: ba3f2bd9a62ae11b6544229b2830b112.dir
      size: 8939
      nfiles: 4
    - path: models
      md5: b7905fde0c8616cb92f5a52aab8992fc.dir
      size: 30829
      nfiles: 3
