schema: '2.0'
stages:
  train:
    cmd: python src/traffic_light_detection/traffic_light_training.py
    deps:
    - path: dataset
      md5: 3a559397ebc58c1ecf142dea18d03367.dir
      size: 13745063
      nfiles: 2723
    - path: src
      md5: 48a12e28666c11e375e61fa2f9fe34d1.dir
      size: 23970
      nfiles: 10
    params:
      params.yaml:
        train:
          epochs: 24
    outs:
    - path: dvclive/metrics.json
      md5: 60ee575e89a578625fbc7ecf7f0ee369
      size: 218
    - path: dvclive/plots
      md5: 3987269bcb07d40001e2e2c69e3708f2.dir
      size: 2176
      nfiles: 4
    - path: models
      md5: 6ba3c3dcbcdf76b3c64242367c4acc55.dir
      size: 10282
      nfiles: 1
